
Microsoft Visual Studio Solution File, Format Version 12.00
# Visual Studio Version 16
VisualStudioVersion = 16.0.30611.23
MinimumVisualStudioVersion = 10.0.40219.1
Project("{FAE04EC0-301F-11D3-BF4B-00C04F79EFBC}") = "ServiceDebugger", "ServiceDebugger\ServiceDebugger\ServiceDebugger.csproj", "{33BEFC54-0575-433C-BED3-912338BCED36}"
EndProject
Project("{2150E333-8FDC-42A3-9474-1A3956D46DE8}") = "Base", "Base", "{0F4F3C5A-ED12-4290-9CEB-122C5B23BDC4}"
EndProject
Project("{FAE04EC0-301F-11D3-BF4B-00C04F79EFBC}") = "MTS.ServiceBase", "MTSServiceBase\MTS.ServiceBase\MTS.ServiceBase.csproj", "{3656A14B-8B9B-4C44-B3A4-7964A0A27777}"
EndProject
Project("{FAE04EC0-301F-11D3-BF4B-00C04F79EFBC}") = "MTS.ServiceLoader", "MTSServiceBase\MTS.ServiceLoader\MTS.ServiceLoader.csproj", "{C39C87F2-0745-4678-AE5D-97064EFCD7C8}"
EndProject
Project("{2150E333-8FDC-42A3-9474-1A3956D46DE8}") = "Services", "Services", "{ED93DCDF-6DA9-48CD-A0C2-F7DDB1887941}"
EndProject
Project("{2150E333-8FDC-42A3-9474-1A3956D46DE8}") = "Debugger", "Debugger", "{A26836D4-0A7C-4799-8DD8-77F23626FBB2}"
EndProject
Project("{FAE04EC0-301F-11D3-BF4B-00C04F79EFBC}") = "MTSEntBlocks.DataBlock", "Blocks\MTSEntBlocks.DataBlock\MTSEntBlocks.DataBlock.csproj", "{B8FD6D7D-3700-4DAF-A7A1-9FF1D86C1ACE}"
EndProject
Project("{FAE04EC0-301F-11D3-BF4B-00C04F79EFBC}") = "MTSEntBlocks.ExceptionBlock", "Blocks\MTSEntBlocks.ExceptionBlock\MTSEntBlocks.ExceptionBlock.csproj", "{BF640616-4953-47C5-8BEC-613A645CFDD1}"
EndProject
Project("{FAE04EC0-301F-11D3-BF4B-00C04F79EFBC}") = "MTSEntBlocks.LoggerBlock", "Blocks\MTSEntBlocks.LoggerBlock\MTSEntBlocks.LoggerBlock.csproj", "{167D2B19-F361-4093-8E1F-61D5778F5C5D}"
EndProject
Project("{FAE04EC0-301F-11D3-BF4B-00C04F79EFBC}") = "MTSServiceController", "Blocks\MTSServiceController\MTSServiceController.csproj", "{1AAEAA6F-655D-476F-B92F-79D148E025C1}"
EndProject
Project("{FAE04EC0-301F-11D3-BF4B-00C04F79EFBC}") = "MTS.ProjectCreator", "MTS.ProjectCreator\MTS.ProjectCreator.csproj", "{5A3C716B-AE15-477A-8A4E-A31522530004}"
EndProject
Project("{FAE04EC0-301F-11D3-BF4B-00C04F79EFBC}") = "MTS.EmailManager", "MTS.EmailManager\MTS.EmailManager.csproj", "{55C9AD15-33B5-4EB2-AC89-28F29774DFE3}"
EndProject
Project("{FAE04EC0-301F-11D3-BF4B-00C04F79EFBC}") = "MTS.EmailEmpStaging", "MTS.EmailEmpStaging\MTS.EmailEmpStaging.csproj", "{C0E2AD87-8982-4A6C-B43D-D8CF7B86F079}"
EndProject
Global
	GlobalSection(SolutionConfigurationPlatforms) = preSolution
		Debug|Any CPU = Debug|Any CPU
		Debug|x86 = Debug|x86
		Release|Any CPU = Release|Any CPU
		Release|x86 = Release|x86
	EndGlobalSection
	GlobalSection(ProjectConfigurationPlatforms) = postSolution
		{33BEFC54-0575-433C-BED3-912338BCED36}.Debug|Any CPU.ActiveCfg = Debug|Any CPU
		{33BEFC54-0575-433C-BED3-912338BCED36}.Debug|Any CPU.Build.0 = Debug|Any CPU
		{33BEFC54-0575-433C-BED3-912338BCED36}.Debug|x86.ActiveCfg = Debug|Any CPU
		{33BEFC54-0575-433C-BED3-912338BCED36}.Debug|x86.Build.0 = Debug|Any CPU
		{33BEFC54-0575-433C-BED3-912338BCED36}.Release|Any CPU.ActiveCfg = Release|Any CPU
		{33BEFC54-0575-433C-BED3-912338BCED36}.Release|x86.ActiveCfg = Release|Any CPU
		{33BEFC54-0575-433C-BED3-912338BCED36}.Release|x86.Build.0 = Release|Any CPU
		{3656A14B-8B9B-4C44-B3A4-7964A0A27777}.Debug|Any CPU.ActiveCfg = Debug|Any CPU
		{3656A14B-8B9B-4C44-B3A4-7964A0A27777}.Debug|Any CPU.Build.0 = Debug|Any CPU
		{3656A14B-8B9B-4C44-B3A4-7964A0A27777}.Debug|x86.ActiveCfg = Debug|Any CPU
		{3656A14B-8B9B-4C44-B3A4-7964A0A27777}.Debug|x86.Build.0 = Debug|Any CPU
		{3656A14B-8B9B-4C44-B3A4-7964A0A27777}.Release|Any CPU.ActiveCfg = Release|Any CPU
		{3656A14B-8B9B-4C44-B3A4-7964A0A27777}.Release|Any CPU.Build.0 = Release|Any CPU
		{3656A14B-8B9B-4C44-B3A4-7964A0A27777}.Release|x86.ActiveCfg = Release|Any CPU
		{3656A14B-8B9B-4C44-B3A4-7964A0A27777}.Release|x86.Build.0 = Release|Any CPU
		{C39C87F2-0745-4678-AE5D-97064EFCD7C8}.Debug|Any CPU.ActiveCfg = Debug|x86
		{C39C87F2-0745-4678-AE5D-97064EFCD7C8}.Debug|Any CPU.Build.0 = Debug|x86
		{C39C87F2-0745-4678-AE5D-97064EFCD7C8}.Debug|x86.ActiveCfg = Debug|x86
		{C39C87F2-0745-4678-AE5D-97064EFCD7C8}.Debug|x86.Build.0 = Debug|x86
		{C39C87F2-0745-4678-AE5D-97064EFCD7C8}.Release|Any CPU.ActiveCfg = Release|x86
		{C39C87F2-0745-4678-AE5D-97064EFCD7C8}.Release|Any CPU.Build.0 = Release|x86
		{C39C87F2-0745-4678-AE5D-97064EFCD7C8}.Release|x86.ActiveCfg = Release|x86
		{C39C87F2-0745-4678-AE5D-97064EFCD7C8}.Release|x86.Build.0 = Release|x86
		{B8FD6D7D-3700-4DAF-A7A1-9FF1D86C1ACE}.Debug|Any CPU.ActiveCfg = Debug|Any CPU
		{B8FD6D7D-3700-4DAF-A7A1-9FF1D86C1ACE}.Debug|Any CPU.Build.0 = Debug|Any CPU
		{B8FD6D7D-3700-4DAF-A7A1-9FF1D86C1ACE}.Debug|x86.ActiveCfg = Debug|Any CPU
		{B8FD6D7D-3700-4DAF-A7A1-9FF1D86C1ACE}.Debug|x86.Build.0 = Debug|Any CPU
		{B8FD6D7D-3700-4DAF-A7A1-9FF1D86C1ACE}.Release|Any CPU.ActiveCfg = Release|Any CPU
		{B8FD6D7D-3700-4DAF-A7A1-9FF1D86C1ACE}.Release|Any CPU.Build.0 = Release|Any CPU
		{B8FD6D7D-3700-4DAF-A7A1-9FF1D86C1ACE}.Release|x86.ActiveCfg = Release|Any CPU
		{B8FD6D7D-3700-4DAF-A7A1-9FF1D86C1ACE}.Release|x86.Build.0 = Release|Any CPU
		{BF640616-4953-47C5-8BEC-613A645CFDD1}.Debug|Any CPU.ActiveCfg = Debug|Any CPU
		{BF640616-4953-47C5-8BEC-613A645CFDD1}.Debug|Any CPU.Build.0 = Debug|Any CPU
		{BF640616-4953-47C5-8BEC-613A645CFDD1}.Debug|x86.ActiveCfg = Debug|Any CPU
		{BF640616-4953-47C5-8BEC-613A645CFDD1}.Debug|x86.Build.0 = Debug|Any CPU
		{BF640616-4953-47C5-8BEC-613A645CFDD1}.Release|Any CPU.ActiveCfg = Release|Any CPU
		{BF640616-4953-47C5-8BEC-613A645CFDD1}.Release|Any CPU.Build.0 = Release|Any CPU
		{BF640616-4953-47C5-8BEC-613A645CFDD1}.Release|x86.ActiveCfg = Release|Any CPU
		{BF640616-4953-47C5-8BEC-613A645CFDD1}.Release|x86.Build.0 = Release|Any CPU
		{167D2B19-F361-4093-8E1F-61D5778F5C5D}.Debug|Any CPU.ActiveCfg = Debug|Any CPU
		{167D2B19-F361-4093-8E1F-61D5778F5C5D}.Debug|Any CPU.Build.0 = Debug|Any CPU
		{167D2B19-F361-4093-8E1F-61D5778F5C5D}.Debug|x86.ActiveCfg = Debug|Any CPU
		{167D2B19-F361-4093-8E1F-61D5778F5C5D}.Debug|x86.Build.0 = Debug|Any CPU
		{167D2B19-F361-4093-8E1F-61D5778F5C5D}.Release|Any CPU.ActiveCfg = Release|Any CPU
		{167D2B19-F361-4093-8E1F-61D5778F5C5D}.Release|Any CPU.Build.0 = Release|Any CPU
		{167D2B19-F361-4093-8E1F-61D5778F5C5D}.Release|x86.ActiveCfg = Release|Any CPU
		{167D2B19-F361-4093-8E1F-61D5778F5C5D}.Release|x86.Build.0 = Release|Any CPU
		{1AAEAA6F-655D-476F-B92F-79D148E025C1}.Debug|Any CPU.ActiveCfg = Debug|Any CPU
		{1AAEAA6F-655D-476F-B92F-79D148E025C1}.Debug|Any CPU.Build.0 = Debug|Any CPU
		{1AAEAA6F-655D-476F-B92F-79D148E025C1}.Debug|x86.ActiveCfg = Debug|x86
		{1AAEAA6F-655D-476F-B92F-79D148E025C1}.Debug|x86.Build.0 = Debug|x86
		{1AAEAA6F-655D-476F-B92F-79D148E025C1}.Release|Any CPU.ActiveCfg = Release|Any CPU
		{1AAEAA6F-655D-476F-B92F-79D148E025C1}.Release|Any CPU.Build.0 = Release|Any CPU
		{1AAEAA6F-655D-476F-B92F-79D148E025C1}.Release|x86.ActiveCfg = Release|x86
		{1AAEAA6F-655D-476F-B92F-79D148E025C1}.Release|x86.Build.0 = Release|x86
		{5A3C716B-AE15-477A-8A4E-A31522530004}.Debug|Any CPU.ActiveCfg = Debug|Any CPU
		{5A3C716B-AE15-477A-8A4E-A31522530004}.Debug|Any CPU.Build.0 = Debug|Any CPU
		{5A3C716B-AE15-477A-8A4E-A31522530004}.Debug|x86.ActiveCfg = Debug|Any CPU
		{5A3C716B-AE15-477A-8A4E-A31522530004}.Debug|x86.Build.0 = Debug|Any CPU
		{5A3C716B-AE15-477A-8A4E-A31522530004}.Release|Any CPU.ActiveCfg = Release|Any CPU
		{5A3C716B-AE15-477A-8A4E-A31522530004}.Release|Any CPU.Build.0 = Release|Any CPU
		{5A3C716B-AE15-477A-8A4E-A31522530004}.Release|x86.ActiveCfg = Release|Any CPU
		{5A3C716B-AE15-477A-8A4E-A31522530004}.Release|x86.Build.0 = Release|Any CPU
		{55C9AD15-33B5-4EB2-AC89-28F29774DFE3}.Debug|Any CPU.ActiveCfg = Debug|Any CPU
		{55C9AD15-33B5-4EB2-AC89-28F29774DFE3}.Debug|Any CPU.Build.0 = Debug|Any CPU
		{55C9AD15-33B5-4EB2-AC89-28F29774DFE3}.Debug|x86.ActiveCfg = Debug|Any CPU
		{55C9AD15-33B5-4EB2-AC89-28F29774DFE3}.Debug|x86.Build.0 = Debug|Any CPU
		{55C9AD15-33B5-4EB2-AC89-28F29774DFE3}.Release|Any CPU.ActiveCfg = Release|Any CPU
		{55C9AD15-33B5-4EB2-AC89-28F29774DFE3}.Release|Any CPU.Build.0 = Release|Any CPU
		{55C9AD15-33B5-4EB2-AC89-28F29774DFE3}.Release|x86.ActiveCfg = Release|Any CPU
		{55C9AD15-33B5-4EB2-AC89-28F29774DFE3}.Release|x86.Build.0 = Release|Any CPU
		{C0E2AD87-8982-4A6C-B43D-D8CF7B86F079}.Debug|Any CPU.ActiveCfg = Debug|Any CPU
		{C0E2AD87-8982-4A6C-B43D-D8CF7B86F079}.Debug|Any CPU.Build.0 = Debug|Any CPU
		{C0E2AD87-8982-4A6C-B43D-D8CF7B86F079}.Debug|x86.ActiveCfg = Debug|Any CPU
		{C0E2AD87-8982-4A6C-B43D-D8CF7B86F079}.Debug|x86.Build.0 = Debug|Any CPU
		{C0E2AD87-8982-4A6C-B43D-D8CF7B86F079}.Release|Any CPU.ActiveCfg = Release|Any CPU
		{C0E2AD87-8982-4A6C-B43D-D8CF7B86F079}.Release|Any CPU.Build.0 = Release|Any CPU
		{C0E2AD87-8982-4A6C-B43D-D8CF7B86F079}.Release|x86.ActiveCfg = Release|Any CPU
		{C0E2AD87-8982-4A6C-B43D-D8CF7B86F079}.Release|x86.Build.0 = Release|Any CPU
	EndGlobalSection
	GlobalSection(SolutionProperties) = preSolution
		HideSolutionNode = FALSE
	EndGlobalSection
	GlobalSection(NestedProjects) = preSolution
		{33BEFC54-0575-433C-BED3-912338BCED36} = {A26836D4-0A7C-4799-8DD8-77F23626FBB2}
		{3656A14B-8B9B-4C44-B3A4-7964A0A27777} = {0F4F3C5A-ED12-4290-9CEB-122C5B23BDC4}
		{C39C87F2-0745-4678-AE5D-97064EFCD7C8} = {0F4F3C5A-ED12-4290-9CEB-122C5B23BDC4}
		{B8FD6D7D-3700-4DAF-A7A1-9FF1D86C1ACE} = {0F4F3C5A-ED12-4290-9CEB-122C5B23BDC4}
		{BF640616-4953-47C5-8BEC-613A645CFDD1} = {0F4F3C5A-ED12-4290-9CEB-122C5B23BDC4}
		{167D2B19-F361-4093-8E1F-61D5778F5C5D} = {0F4F3C5A-ED12-4290-9CEB-122C5B23BDC4}
		{1AAEAA6F-655D-476F-B92F-79D148E025C1} = {0F4F3C5A-ED12-4290-9CEB-122C5B23BDC4}
		{5A3C716B-AE15-477A-8A4E-A31522530004} = {ED93DCDF-6DA9-48CD-A0C2-F7DDB1887941}
		{55C9AD15-33B5-4EB2-AC89-28F29774DFE3} = {ED93DCDF-6DA9-48CD-A0C2-F7DDB1887941}
		{C0E2AD87-8982-4A6C-B43D-D8CF7B86F079} = {ED93DCDF-6DA9-48CD-A0C2-F7DDB1887941}
	EndGlobalSection
	GlobalSection(ExtensibilityGlobals) = postSolution
		EnterpriseLibraryConfigurationToolBinariesPathV6 = packages\EnterpriseLibrary.Common.6.0.1304.0\lib\NET45;packages\EnterpriseLibrary.ExceptionHandling.6.0.1304.0\lib\NET45;packages\EnterpriseLibrary.Logging.6.0.1304.0\lib\NET45;packages\EnterpriseLibrary.ExceptionHandling.Logging.6.0.1304.0\lib\NET45;packages\EnterpriseLibrary.Data.6.0.1304.0\lib\NET45
		BuildVersion_DetectChanges = True
		BuildVersion_StartDate = 2000/1/1
		SolutionGuid = {0D6AE7F9-0EC8-413A-B82D-780C1B597CFD}
	EndGlobalSection
EndGlobal
