Microsoft Visual Studio Solution File, Format Version 12.00
# Visual Studio Version 16
VisualStudioVersion = 16.0.31229.75
MinimumVisualStudioVersion = 10.0.40219.1
Project("{FAE04EC0-301F-11D3-BF4B-00C04F79EFBC}") = "MTS.EmailManager", "MTS.EmailManager\MTS.EmailManager.csproj", "{55C9AD15-33B5-4EB2-AC89-28F29774DFE3}"
EndProject
Project("{FAE04EC0-301F-11D3-BF4B-00C04F79EFBC}") = "MTS.EmailEmpStaging", "MTS.EmailEmpStaging\MTS.EmailEmpStaging.csproj", "{C0E2AD87-8982-4A6C-B43D-D8CF7B86F079}"
EndProject
Project("{FAE04EC0-301F-11D3-BF4B-00C04F79EFBC}") = "MTSEntBlocks.LoggerBlock", "..\Web\MTSEntBlocks.LoggerBlock\MTSEntBlocks.LoggerBlock.csproj", "{167D2B19-F361-4093-8E1F-61D5778F5C5D}"
EndProject
Project("{FAE04EC0-301F-11D3-BF4B-00C04F79EFBC}") = "MTSEntBlocks.ExceptionBlock", "..\Web\MTSEntBlocks.ExceptionBlock\MTSEntBlocks.ExceptionBlock.csproj", "{BF640616-4953-47C5-8BEC-613A645CFDD1}"
EndProject
Project("{FAE04EC0-301F-11D3-BF4B-00C04F79EFBC}") = "MTSServiceController", "MTSServiceController\MTSServiceController.csproj", "{1AAEAA6F-655D-476F-B92F-79D148E025C1}"
EndProject
Project("{FAE04EC0-301F-11D3-BF4B-00C04F79EFBC}") = "MTS.ServiceLoader", "MTSServiceBase\MTS.ServiceLoader\MTS.ServiceLoader.csproj", "{C39C87F2-0745-4678-AE5D-97064EFCD7C8}"
EndProject
Project("{FAE04EC0-301F-11D3-BF4B-00C04F79EFBC}") = "MTS.ServiceBase", "MTSServiceBase\MTS.ServiceBase\MTS.ServiceBase.csproj", "{3656A14B-8B9B-4C44-B3A4-7964A0A27777}"
EndProject
Project("{FAE04EC0-301F-11D3-BF4B-00C04F79EFBC}") = "DataBlock", "DataBlock\DataBlock.csproj", "{CD785CAB-F697-49E4-827C-22BFDF195F5C}"
EndProject
Global
	GlobalSection(SolutionConfigurationPlatforms) = preSolution
		Debug|Any CPU = Debug|Any CPU
		Debug|x86 = Debug|x86
		Release|Any CPU = Release|Any CPU
		Release|x86 = Release|x86
	EndGlobalSection
	GlobalSection(ProjectConfigurationPlatforms) = postSolution
		{55C9AD15-33B5-4EB2-AC89-28F29774DFE3}.Debug|Any CPU.ActiveCfg = Debug|Any CPU
		{55C9AD15-33B5-4EB2-AC89-28F29774DFE3}.Debug|Any CPU.Build.0 = Debug|Any CPU
		{55C9AD15-33B5-4EB2-AC89-28F29774DFE3}.Debug|x86.ActiveCfg = Debug|Any CPU
		{55C9AD15-33B5-4EB2-AC89-28F29774DFE3}.Debug|x86.Build.0 = Debug|Any CPU
		{55C9AD15-33B5-4EB2-AC89-28F29774DFE3}.Release|Any CPU.ActiveCfg = Release|Any CPU
		{55C9AD15-33B5-4EB2-AC89-28F29774DFE3}.Release|Any CPU.Build.0 = Release|Any CPU
		{55C9AD15-33B5-4EB2-AC89-28F29774DFE3}.Release|x86.ActiveCfg = Release|Any CPU
		{55C9AD15-33B5-4EB2-AC89-28F29774DFE3}.Release|x86.Build.0 = Release|Any CPU
		{C0E2AD87-8982-4A6C-B43D-D8CF7B86F079}.Debug|Any CPU.ActiveCfg = Debug|Any CPU
		{C0E2AD87-8982-4A6C-B43D-D8CF7B86F079}.Debug|Any CPU.Build.0 = Debug|Any CPU
		{C0E2AD87-8982-4A6C-B43D-D8CF7B86F079}.Debug|x86.ActiveCfg = Debug|Any CPU
		{C0E2AD87-8982-4A6C-B43D-D8CF7B86F079}.Debug|x86.Build.0 = Debug|Any CPU
		{C0E2AD87-8982-4A6C-B43D-D8CF7B86F079}.Release|Any CPU.ActiveCfg = Release|Any CPU
		{C0E2AD87-8982-4A6C-B43D-D8CF7B86F079}.Release|Any CPU.Build.0 = Release|Any CPU
		{C0E2AD87-8982-4A6C-B43D-D8CF7B86F079}.Release|x86.ActiveCfg = Release|Any CPU
		{C0E2AD87-8982-4A6C-B43D-D8CF7B86F079}.Release|x86.Build.0 = Release|Any CPU
		{167D2B19-F361-4093-8E1F-61D5778F5C5D}.Debug|Any CPU.ActiveCfg = Debug|Any CPU
		{167D2B19-F361-4093-8E1F-61D5778F5C5D}.Debug|Any CPU.Build.0 = Debug|Any CPU
		{167D2B19-F361-4093-8E1F-61D5778F5C5D}.Debug|x86.ActiveCfg = Debug|Any CPU
		{167D2B19-F361-4093-8E1F-61D5778F5C5D}.Debug|x86.Build.0 = Debug|Any CPU
		{167D2B19-F361-4093-8E1F-61D5778F5C5D}.Release|Any CPU.ActiveCfg = Release|Any CPU
		{167D2B19-F361-4093-8E1F-61D5778F5C5D}.Release|Any CPU.Build.0 = Release|Any CPU
		{167D2B19-F361-4093-8E1F-61D5778F5C5D}.Release|x86.ActiveCfg = Release|Any CPU
		{167D2B19-F361-4093-8E1F-61D5778F5C5D}.Release|x86.Build.0 = Release|Any CPU
		{BF640616-4953-47C5-8BEC-613A645CFDD1}.Debug|Any CPU.ActiveCfg = Debug|Any CPU
		{BF640616-4953-47C5-8BEC-613A645CFDD1}.Debug|Any CPU.Build.0 = Debug|Any CPU
		{BF640616-4953-47C5-8BEC-613A645CFDD1}.Debug|x86.ActiveCfg = Debug|Any CPU
		{BF640616-4953-47C5-8BEC-613A645CFDD1}.Debug|x86.Build.0 = Debug|Any CPU
		{BF640616-4953-47C5-8BEC-613A645CFDD1}.Release|Any CPU.ActiveCfg = Release|Any CPU
		{BF640616-4953-47C5-8BEC-613A645CFDD1}.Release|Any CPU.Build.0 = Release|Any CPU
		{BF640616-4953-47C5-8BEC-613A645CFDD1}.Release|x86.ActiveCfg = Release|Any CPU
		{BF640616-4953-47C5-8BEC-613A645CFDD1}.Release|x86.Build.0 = Release|Any CPU
		{1AAEAA6F-655D-476F-B92F-79D148E025C1}.Debug|Any CPU.ActiveCfg = Debug|x86
		{1AAEAA6F-655D-476F-B92F-79D148E025C1}.Debug|x86.ActiveCfg = Debug|x86
		{1AAEAA6F-655D-476F-B92F-79D148E025C1}.Debug|x86.Build.0 = Debug|x86
		{1AAEAA6F-655D-476F-B92F-79D148E025C1}.Release|Any CPU.ActiveCfg = Release|x86
		{1AAEAA6F-655D-476F-B92F-79D148E025C1}.Release|x86.ActiveCfg = Release|x86
		{1AAEAA6F-655D-476F-B92F-79D148E025C1}.Release|x86.Build.0 = Release|x86
		{C39C87F2-0745-4678-AE5D-97064EFCD7C8}.Debug|Any CPU.ActiveCfg = Debug|x86
		{C39C87F2-0745-4678-AE5D-97064EFCD7C8}.Debug|x86.ActiveCfg = Debug|x86
		{C39C87F2-0745-4678-AE5D-97064EFCD7C8}.Debug|x86.Build.0 = Debug|x86
		{C39C87F2-0745-4678-AE5D-97064EFCD7C8}.Release|Any CPU.ActiveCfg = Release|x86
		{C39C87F2-0745-4678-AE5D-97064EFCD7C8}.Release|x86.ActiveCfg = Release|x86
		{C39C87F2-0745-4678-AE5D-97064EFCD7C8}.Release|x86.Build.0 = Release|x86
		{3656A14B-8B9B-4C44-B3A4-7964A0A27777}.Debug|Any CPU.ActiveCfg = Debug|Any CPU
		{3656A14B-8B9B-4C44-B3A4-7964A0A27777}.Debug|Any CPU.Build.0 = Debug|Any CPU
		{3656A14B-8B9B-4C44-B3A4-7964A0A27777}.Debug|x86.ActiveCfg = Debug|Any CPU
		{3656A14B-8B9B-4C44-B3A4-7964A0A27777}.Debug|x86.Build.0 = Debug|Any CPU
		{3656A14B-8B9B-4C44-B3A4-7964A0A27777}.Release|Any CPU.ActiveCfg = Release|Any CPU
		{3656A14B-8B9B-4C44-B3A4-7964A0A27777}.Release|Any CPU.Build.0 = Release|Any CPU
		{3656A14B-8B9B-4C44-B3A4-7964A0A27777}.Release|x86.ActiveCfg = Release|Any CPU
		{3656A14B-8B9B-4C44-B3A4-7964A0A27777}.Release|x86.Build.0 = Release|Any CPU
		{CD785CAB-F697-49E4-827C-22BFDF195F5C}.Debug|Any CPU.ActiveCfg = Debug|Any CPU
		{CD785CAB-F697-49E4-827C-22BFDF195F5C}.Debug|Any CPU.Build.0 = Debug|Any CPU
		{CD785CAB-F697-49E4-827C-22BFDF195F5C}.Debug|x86.ActiveCfg = Debug|Any CPU
		{CD785CAB-F697-49E4-827C-22BFDF195F5C}.Debug|x86.Build.0 = Debug|Any CPU
		{CD785CAB-F697-49E4-827C-22BFDF195F5C}.Release|Any CPU.ActiveCfg = Release|Any CPU
		{CD785CAB-F697-49E4-827C-22BFDF195F5C}.Release|Any CPU.Build.0 = Release|Any CPU
		{CD785CAB-F697-49E4-827C-22BFDF195F5C}.Release|x86.ActiveCfg = Release|Any CPU
		{CD785CAB-F697-49E4-827C-22BFDF195F5C}.Release|x86.Build.0 = Release|Any CPU
	EndGlobalSection
	GlobalSection(SolutionProperties) = preSolution
		HideSolutionNode = FALSE
	EndGlobalSection
	GlobalSection(ExtensibilityGlobals) = postSolution
		EnterpriseLibraryConfigurationToolBinariesPathV6 = MTS.EmailManager\packages\EnterpriseLibrary.Common.6.0.1304.0\lib\NET45;MTS.EmailManager\packages\EnterpriseLibrary.Data.6.0.1304.0\lib\NET45;MTS.EmailManager\packages\EnterpriseLibrary.ExceptionHandling.6.0.1304.0\lib\NET45;MTS.EmailManager\packages\EnterpriseLibrary.ExceptionHandling.Logging.6.0.1304.0\lib\NET45;MTS.EmailManager\packages\EnterpriseLibrary.Logging.6.0.1304.0\lib\NET45
		SolutionGuid = {44D1346D-7AF3-4FF7-992A-2790E037AC7F}
	EndGlobalSection
EndGlobal
